{
	"name": "@as-pect/csv-reporter",
	"version": "6.2.1",
	"lockfileVersion": 2,
	"requires": true,
	"packages": {
		"": {
			"name": "@as-pect/csv-reporter",
			"version": "6.2.1",
			"license": "MIT",
			"devDependencies": {
				"csv-stringify": "^5.6.2"
			}
		},
		"node_modules/csv-stringify": {
			"version": "5.6.5",
			"resolved": "https://registry.npmjs.org/csv-stringify/-/csv-stringify-5.6.5.tgz",
			"integrity": "sha512-PjiQ659aQ+fUTQqSrd1XEDnOr52jh30RBurfzkscaE2tPaFsDH5wOAHJiw8XAHphRknCwMUE9KRayc4K/NbO8A==",
			"dev": true
		}
	},
	"dependencies": {
		"csv-stringify": {
			"version": "5.6.5",
			"resolved": "https://registry.npmjs.org/csv-stringify/-/csv-stringify-5.6.5.tgz",
			"integrity": "sha512-PjiQ659aQ+fUTQqSrd1XEDnOr52jh30RBurfzkscaE2tPaFsDH5wOAHJiw8XAHphRknCwMUE9KRayc4K/NbO8A==",
			"dev": true
		}
	}
}
