{
	"name": "@as-pect/csv-reporter",
	"version": "4.0.0",
	"lockfileVersion": 2,
	"requires": true,
	"packages": {
		"": {
			"name": "@as-pect/csv-reporter",
			"version": "4.0.0",
			"license": "MIT",
			"devDependencies": {
				"csv-stringify": "^5.5.1"
			}
		},
		"node_modules/csv-stringify": {
			"version": "5.5.1",
			"resolved": "https://registry.npmjs.org/csv-stringify/-/csv-stringify-5.5.1.tgz",
			"integrity": "sha512-HM0/86Ks8OwFbaYLd495tqTs1NhscZL52dC4ieKYumy8+nawQYC0xZ63w1NqLf0M148T2YLYqowoImc1giPn0g==",
			"dev": true
		}
	},
	"dependencies": {
		"csv-stringify": {
			"version": "5.5.1",
			"resolved": "https://registry.npmjs.org/csv-stringify/-/csv-stringify-5.5.1.tgz",
			"integrity": "sha512-HM0/86Ks8OwFbaYLd495tqTs1NhscZL52dC4ieKYumy8+nawQYC0xZ63w1NqLf0M148T2YLYqowoImc1giPn0g==",
			"dev": true
		}
	}
}
