{
	"name": "@as-pect/csv-reporter",
	"version": "6.0.0",
	"lockfileVersion": 2,
	"requires": true,
	"packages": {
		"": {
			"name": "@as-pect/csv-reporter",
			"version": "6.0.0",
			"license": "MIT",
			"devDependencies": {
				"csv-stringify": "^5.6.1"
			}
		},
		"node_modules/csv-stringify": {
			"version": "5.6.1",
			"resolved": "https://registry.npmjs.org/csv-stringify/-/csv-stringify-5.6.1.tgz",
			"integrity": "sha512-JlQlNZMiuRGSFbLXFNGoBtsORXlkqf4Dfq8Ee0Jo4RVJj3YAUzevagUx24mDrQJLDF7aYz6Ne8kqA8WWBaYt2A==",
			"dev": true
		}
	},
	"dependencies": {
		"csv-stringify": {
			"version": "5.6.1",
			"resolved": "https://registry.npmjs.org/csv-stringify/-/csv-stringify-5.6.1.tgz",
			"integrity": "sha512-JlQlNZMiuRGSFbLXFNGoBtsORXlkqf4Dfq8Ee0Jo4RVJj3YAUzevagUx24mDrQJLDF7aYz6Ne8kqA8WWBaYt2A==",
			"dev": true
		}
	}
}
