{
  "name": "@as-pect/assembly",
  "version": "6.2.0",
  "lockfileVersion": 2,
  "requires": true,
  "packages": {
    "": {
      "name": "@as-pect/assembly",
      "version": "6.2.0",
      "license": "MIT",
      "devDependencies": {
        "assemblyscript": "^0.21.1"
      },
      "peerDependencies": {
        "@as-pect/transform": "^6.2.4",
        "assemblyscript": "^0.21.1"
      }
    },
    "node_modules/@as-pect/transform": {
      "version": "6.2.4",
      "resolved": "https://registry.npmjs.org/@as-pect/transform/-/transform-6.2.4.tgz",
      "integrity": "sha512-jR5LKqCcEe6Yu7OygQjD19icrNDEUYi8/V896356b6kQkIIo1sc9L1BGuvIbKXQzw8jvs/CnkkBzKkTzTUHq1w==",
      "peer": true,
      "peerDependencies": {
        "assemblyscript": "^0.21.1"
      }
    },
    "node_modules/assemblyscript": {
      "version": "0.21.1",
      "resolved": "https://registry.npmjs.org/assemblyscript/-/assemblyscript-0.21.1.tgz",
      "integrity": "sha512-sBQMHVLRZ6M4qWWef+1ULXg8vYFwoPzNNAJlfCJSKzxJOoLf12Z42dFLPLQzIithuSLYgErUz+uoqaLM35Ne2g==",
      "dependencies": {
        "binaryen": "109.0.0-nightly.20220813",
        "long": "^5.2.0"
      },
      "bin": {
        "asc": "bin/asc.js",
        "asinit": "bin/asinit.js"
      },
      "engines": {
        "node": ">=16.0.0",
        "npm": ">=7.0.0"
      },
      "funding": {
        "type": "opencollective",
        "url": "https://opencollective.com/assemblyscript"
      }
    },
    "node_modules/binaryen": {
      "version": "109.0.0-nightly.20220813",
      "resolved": "https://registry.npmjs.org/binaryen/-/binaryen-109.0.0-nightly.20220813.tgz",
      "integrity": "sha512-u85Ti3LiGRrV0HqdNDRknalkx7QiCSL0jNsEsT522nnZacWxUaSJEILphxc2OnzmHVtdiWBE3c4lEzlU3ZEyDw==",
      "bin": {
        "wasm-opt": "bin/wasm-opt",
        "wasm2js": "bin/wasm2js"
      }
    },
    "node_modules/long": {
      "version": "5.2.0",
      "resolved": "https://registry.npmjs.org/long/-/long-5.2.0.tgz",
      "integrity": "sha512-9RTUNjK60eJbx3uz+TEGF7fUr29ZDxR5QzXcyDpeSfeH28S9ycINflOgOlppit5U+4kNTe83KQnMEerw7GmE8w=="
    }
  },
  "dependencies": {
    "@as-pect/transform": {
      "version": "6.2.4",
      "resolved": "https://registry.npmjs.org/@as-pect/transform/-/transform-6.2.4.tgz",
      "integrity": "sha512-jR5LKqCcEe6Yu7OygQjD19icrNDEUYi8/V896356b6kQkIIo1sc9L1BGuvIbKXQzw8jvs/CnkkBzKkTzTUHq1w==",
      "peer": true,
      "requires": {}
    },
    "assemblyscript": {
      "version": "0.21.1",
      "resolved": "https://registry.npmjs.org/assemblyscript/-/assemblyscript-0.21.1.tgz",
      "integrity": "sha512-sBQMHVLRZ6M4qWWef+1ULXg8vYFwoPzNNAJlfCJSKzxJOoLf12Z42dFLPLQzIithuSLYgErUz+uoqaLM35Ne2g==",
      "requires": {
        "binaryen": "109.0.0-nightly.20220813",
        "long": "^5.2.0"
      }
    },
    "binaryen": {
      "version": "109.0.0-nightly.20220813",
      "resolved": "https://registry.npmjs.org/binaryen/-/binaryen-109.0.0-nightly.20220813.tgz",
      "integrity": "sha512-u85Ti3LiGRrV0HqdNDRknalkx7QiCSL0jNsEsT522nnZacWxUaSJEILphxc2OnzmHVtdiWBE3c4lEzlU3ZEyDw=="
    },
    "long": {
      "version": "5.2.0",
      "resolved": "https://registry.npmjs.org/long/-/long-5.2.0.tgz",
      "integrity": "sha512-9RTUNjK60eJbx3uz+TEGF7fUr29ZDxR5QzXcyDpeSfeH28S9ycINflOgOlppit5U+4kNTe83KQnMEerw7GmE8w=="
    }
  }
}
